
Microsoft Visual Studio Solution File, Format Version 12.00
# Visual Studio 15
VisualStudioVersion = 15.0.28307.1259
MinimumVisualStudioVersion = 10.0.40219.1
Project("{FAE04EC0-301F-11D3-BF4B-00C04F79EFBC}") = "WindowsFormsApp1", "WindowsFormsApp1\WindowsFormsApp1.csproj", "{79B1332E-D37D-42B7-A8C6-09F8BE8EBAE0}"
	ProjectSection(ProjectDependencies) = postProject
		{63ECF460-D92C-49F2-A8E7-5D42F97104CB} = {63ECF460-D92C-49F2-A8E7-5D42F97104CB}
	EndProjectSection
EndProject
Project("{FAE04EC0-301F-11D3-BF4B-00C04F79EFBC}") = "WcfServiceLibrary1", "..\WcfServiceLibrary1\WcfServiceLibrary1\WcfServiceLibrary1.csproj", "{63ECF460-D92C-49F2-A8E7-5D42F97104CB}"
EndProject
Global
	GlobalSection(SolutionConfigurationPlatforms) = preSolution
		Debug|Any CPU = Debug|Any CPU
		Release|Any CPU = Release|Any CPU
	EndGlobalSection
	GlobalSection(ProjectConfigurationPlatforms) = postSolution
		{79B1332E-D37D-42B7-A8C6-09F8BE8EBAE0}.Debug|Any CPU.ActiveCfg = Debug|Any CPU
		{79B1332E-D37D-42B7-A8C6-09F8BE8EBAE0}.Debug|Any CPU.Build.0 = Debug|Any CPU
		{79B1332E-D37D-42B7-A8C6-09F8BE8EBAE0}.Release|Any CPU.ActiveCfg = Release|Any CPU
		{79B1332E-D37D-42B7-A8C6-09F8BE8EBAE0}.Release|Any CPU.Build.0 = Release|Any CPU
		{63ECF460-D92C-49F2-A8E7-5D42F97104CB}.Debug|Any CPU.ActiveCfg = Debug|Any CPU
		{63ECF460-D92C-49F2-A8E7-5D42F97104CB}.Debug|Any CPU.Build.0 = Debug|Any CPU
		{63ECF460-D92C-49F2-A8E7-5D42F97104CB}.Release|Any CPU.ActiveCfg = Release|Any CPU
		{63ECF460-D92C-49F2-A8E7-5D42F97104CB}.Release|Any CPU.Build.0 = Release|Any CPU
	EndGlobalSection
	GlobalSection(SolutionProperties) = preSolution
		HideSolutionNode = FALSE
	EndGlobalSection
	GlobalSection(ExtensibilityGlobals) = postSolution
		SolutionGuid = {B1C8CC8B-4831-4D8A-8659-6440412A2DD7}
	EndGlobalSection
EndGlobal
